
Microsoft Visual Studio Solution File, Format Version 12.00
# Visual Studio Version 17
VisualStudioVersion = 17.9.34723.18
MinimumVisualStudioVersion = 10.0.40219.1
Project("{FAE04EC0-301F-11D3-BF4B-00C04F79EFBC}") = "Code Practice - Booleans and Conditions", "Code Practice - Booleans and Conditions.csproj", "{38727BC3-8BCF-45E7-B6F7-BEF6B161F578}"
EndProject
Global
	GlobalSection(SolutionConfigurationPlatforms) = preSolution
		Debug|Any CPU = Debug|Any CPU
		Release|Any CPU = Release|Any CPU
	EndGlobalSection
	GlobalSection(ProjectConfigurationPlatforms) = postSolution
		{38727BC3-8BCF-45E7-B6F7-BEF6B161F578}.Debug|Any CPU.ActiveCfg = Debug|Any CPU
		{38727BC3-8BCF-45E7-B6F7-BEF6B161F578}.Debug|Any CPU.Build.0 = Debug|Any CPU
		{38727BC3-8BCF-45E7-B6F7-BEF6B161F578}.Release|Any CPU.ActiveCfg = Release|Any CPU
		{38727BC3-8BCF-45E7-B6F7-BEF6B161F578}.Release|Any CPU.Build.0 = Release|Any CPU
	EndGlobalSection
	GlobalSection(SolutionProperties) = preSolution
		HideSolutionNode = FALSE
	EndGlobalSection
	GlobalSection(ExtensibilityGlobals) = postSolution
		SolutionGuid = {1C98152A-946A-4C2C-B52F-DDE3788E6F10}
	EndGlobalSection
EndGlobal
